<Solution>
  <Folder Name="/src/">
    <Project Path="src/Sublingual.App/Sublingual.App.csproj" />
    <Project Path="src/Sublingual.Application/Sublingual.Application.csproj" />
    <Project Path="src/Sublingual.Desktop/Sublingual.Desktop.csproj" />
    <Project Path="src/Sublingual.Domain/Sublingual.Domain.csproj" />
    <Project Path="src/Sublingual.Infrastructure/Sublingual.Infrastructure.csproj" />
    <Project Path="src/Sublingual.Interop/Sublingual.Interop.csproj" />
    <Project Path="src/Sublingual.Shared/Sublingual.Shared.csproj" />
    <Project Path="src/Sublingual.UI/Sublingual.UI.csproj" />
  </Folder>
</Solution>
